// !$*UTF8*$!
{
	archiveVersion = 1;
	classes = {
	};
	objectVersion = 55;
	objects = {

/* Begin PBXBuildFile section */
		4D5C620028770F1A00DF131E /* Constants.swift in Sources */ = {isa = PBXBuildFile; fileRef = 4D5C61FF28770F1A00DF131E /* Constants.swift */; };
		4D5C62022877126A00DF131E /* TabbarViewController.swift in Sources */ = {isa = PBXBuildFile; fileRef = 4D5C62012877126A00DF131E /* TabbarViewController.swift */; };
		4D5C62042877168B00DF131E /* ShoppingCartViewController.swift in Sources */ = {isa = PBXBuildFile; fileRef = 4D5C62032877168B00DF131E /* ShoppingCartViewController.swift */; };
		4D5C6206287716E900DF131E /* InfoViewController.swift in Sources */ = {isa = PBXBuildFile; fileRef = 4D5C6205287716E900DF131E /* InfoViewController.swift */; };
		4D5C62082877424100DF131E /* HeaderView.swift in Sources */ = {isa = PBXBuildFile; fileRef = 4D5C62072877424100DF131E /* HeaderView.swift */; };
		4D5C620A2877535100DF131E /* CategoriesCollectionView.swift in Sources */ = {isa = PBXBuildFile; fileRef = 4D5C62092877535100DF131E /* CategoriesCollectionView.swift */; };
		4D5C620C28775DB500DF131E /* CategoryCellCollectionViewCell.swift in Sources */ = {isa = PBXBuildFile; fileRef = 4D5C620B28775DB500DF131E /* CategoryCellCollectionViewCell.swift */; };
		4D5C620E287853EB00DF131E /* DishesCollectionViewCell.swift in Sources */ = {isa = PBXBuildFile; fileRef = 4D5C620D287853EB00DF131E /* DishesCollectionViewCell.swift */; };
		4D5C621028786D9200DF131E /* DishesCollectionView.swift in Sources */ = {isa = PBXBuildFile; fileRef = 4D5C620F28786D9200DF131E /* DishesCollectionView.swift */; };
		4D5C62122878ACA600DF131E /* NetworkService.swift in Sources */ = {isa = PBXBuildFile; fileRef = 4D5C62112878ACA600DF131E /* NetworkService.swift */; };
		4D5C62142878ADD800DF131E /* Category.swift in Sources */ = {isa = PBXBuildFile; fileRef = 4D5C62132878ADD800DF131E /* Category.swift */; };
		4D5C62162878AE4300DF131E /* MenuResponse.swift in Sources */ = {isa = PBXBuildFile; fileRef = 4D5C62152878AE4300DF131E /* MenuResponse.swift */; };
		4D5C62182878B40800DF131E /* ImageView.swift in Sources */ = {isa = PBXBuildFile; fileRef = 4D5C62172878B40800DF131E /* ImageView.swift */; };
		4D5C621A2878B43D00DF131E /* ImageProvider.swift in Sources */ = {isa = PBXBuildFile; fileRef = 4D5C62192878B43D00DF131E /* ImageProvider.swift */; };
		4D5C621C2878B91B00DF131E /* Dish.swift in Sources */ = {isa = PBXBuildFile; fileRef = 4D5C621B2878B91B00DF131E /* Dish.swift */; };
		4D5C621F28798E9000DF131E /* URLSessionProtocol.swift in Sources */ = {isa = PBXBuildFile; fileRef = 4D5C621E28798E9000DF131E /* URLSessionProtocol.swift */; };
		4D5C6221287990D900DF131E /* DispatchQueueProtocol.swift in Sources */ = {isa = PBXBuildFile; fileRef = 4D5C6220287990D900DF131E /* DispatchQueueProtocol.swift */; };
		4D5C6223287993B100DF131E /* NetworkServiceTests.swift in Sources */ = {isa = PBXBuildFile; fileRef = 4D5C6222287993B100DF131E /* NetworkServiceTests.swift */; };
		4D5C6225287993ED00DF131E /* DispatchQueueMock.swift in Sources */ = {isa = PBXBuildFile; fileRef = 4D5C6224287993ED00DF131E /* DispatchQueueMock.swift */; };
		4D5C62272879942D00DF131E /* URLSessionMock.swift in Sources */ = {isa = PBXBuildFile; fileRef = 4D5C62262879942D00DF131E /* URLSessionMock.swift */; };
		4D5C62292879950200DF131E /* URLSessionDataTaskMock.swift in Sources */ = {isa = PBXBuildFile; fileRef = 4D5C62282879950200DF131E /* URLSessionDataTaskMock.swift */; };
		4D81DA76287705B000FB30D7 /* AppDelegate.swift in Sources */ = {isa = PBXBuildFile; fileRef = 4D81DA75287705B000FB30D7 /* AppDelegate.swift */; };
		4D81DA78287705B000FB30D7 /* SceneDelegate.swift in Sources */ = {isa = PBXBuildFile; fileRef = 4D81DA77287705B000FB30D7 /* SceneDelegate.swift */; };
		4D81DA7A287705B000FB30D7 /* ProductListViewController.swift in Sources */ = {isa = PBXBuildFile; fileRef = 4D81DA79287705B000FB30D7 /* ProductListViewController.swift */; };
		4D81DA7F287705B100FB30D7 /* Assets.xcassets in Resources */ = {isa = PBXBuildFile; fileRef = 4D81DA7E287705B100FB30D7 /* Assets.xcassets */; };
		4D81DA82287705B100FB30D7 /* LaunchScreen.storyboard in Resources */ = {isa = PBXBuildFile; fileRef = 4D81DA80287705B100FB30D7 /* LaunchScreen.storyboard */; };
		4D81DA97287705B100FB30D7 /* SushiUITests.swift in Sources */ = {isa = PBXBuildFile; fileRef = 4D81DA96287705B100FB30D7 /* SushiUITests.swift */; };
		4D81DA99287705B100FB30D7 /* SushiUITestsLaunchTests.swift in Sources */ = {isa = PBXBuildFile; fileRef = 4D81DA98287705B100FB30D7 /* SushiUITestsLaunchTests.swift */; };
/* End PBXBuildFile section */

/* Begin PBXContainerItemProxy section */
		4D81DA89287705B100FB30D7 /* PBXContainerItemProxy */ = {
			isa = PBXContainerItemProxy;
			containerPortal = 4D81DA6A287705B000FB30D7 /* Project object */;
			proxyType = 1;
			remoteGlobalIDString = 4D81DA71287705B000FB30D7;
			remoteInfo = Sushi;
		};
		4D81DA93287705B100FB30D7 /* PBXContainerItemProxy */ = {
			isa = PBXContainerItemProxy;
			containerPortal = 4D81DA6A287705B000FB30D7 /* Project object */;
			proxyType = 1;
			remoteGlobalIDString = 4D81DA71287705B000FB30D7;
			remoteInfo = Sushi;
		};
/* End PBXContainerItemProxy section */

/* Begin PBXFileReference section */
		4D5C61FF28770F1A00DF131E /* Constants.swift */ = {isa = PBXFileReference; lastKnownFileType = sourcecode.swift; path = Constants.swift; sourceTree = "<group>"; };
		4D5C62012877126A00DF131E /* TabbarViewController.swift */ = {isa = PBXFileReference; lastKnownFileType = sourcecode.swift; path = TabbarViewController.swift; sourceTree = "<group>"; };
		4D5C62032877168B00DF131E /* ShoppingCartViewController.swift */ = {isa = PBXFileReference; lastKnownFileType = sourcecode.swift; path = ShoppingCartViewController.swift; sourceTree = "<group>"; };
		4D5C6205287716E900DF131E /* InfoViewController.swift */ = {isa = PBXFileReference; lastKnownFileType = sourcecode.swift; path = InfoViewController.swift; sourceTree = "<group>"; };
		4D5C62072877424100DF131E /* HeaderView.swift */ = {isa = PBXFileReference; lastKnownFileType = sourcecode.swift; path = HeaderView.swift; sourceTree = "<group>"; };
		4D5C62092877535100DF131E /* CategoriesCollectionView.swift */ = {isa = PBXFileReference; lastKnownFileType = sourcecode.swift; path = CategoriesCollectionView.swift; sourceTree = "<group>"; };
		4D5C620B28775DB500DF131E /* CategoryCellCollectionViewCell.swift */ = {isa = PBXFileReference; lastKnownFileType = sourcecode.swift; path = CategoryCellCollectionViewCell.swift; sourceTree = "<group>"; };
		4D5C620D287853EB00DF131E /* DishesCollectionViewCell.swift */ = {isa = PBXFileReference; lastKnownFileType = sourcecode.swift; path = DishesCollectionViewCell.swift; sourceTree = "<group>"; };
		4D5C620F28786D9200DF131E /* DishesCollectionView.swift */ = {isa = PBXFileReference; lastKnownFileType = sourcecode.swift; path = DishesCollectionView.swift; sourceTree = "<group>"; };
		4D5C62112878ACA600DF131E /* NetworkService.swift */ = {isa = PBXFileReference; lastKnownFileType = sourcecode.swift; path = NetworkService.swift; sourceTree = "<group>"; };
		4D5C62132878ADD800DF131E /* Category.swift */ = {isa = PBXFileReference; lastKnownFileType = sourcecode.swift; path = Category.swift; sourceTree = "<group>"; };
		4D5C62152878AE4300DF131E /* MenuResponse.swift */ = {isa = PBXFileReference; lastKnownFileType = sourcecode.swift; path = MenuResponse.swift; sourceTree = "<group>"; };
		4D5C62172878B40800DF131E /* ImageView.swift */ = {isa = PBXFileReference; lastKnownFileType = sourcecode.swift; path = ImageView.swift; sourceTree = "<group>"; };
		4D5C62192878B43D00DF131E /* ImageProvider.swift */ = {isa = PBXFileReference; lastKnownFileType = sourcecode.swift; path = ImageProvider.swift; sourceTree = "<group>"; };
		4D5C621B2878B91B00DF131E /* Dish.swift */ = {isa = PBXFileReference; lastKnownFileType = sourcecode.swift; path = Dish.swift; sourceTree = "<group>"; };
		4D5C621E28798E9000DF131E /* URLSessionProtocol.swift */ = {isa = PBXFileReference; lastKnownFileType = sourcecode.swift; path = URLSessionProtocol.swift; sourceTree = "<group>"; };
		4D5C6220287990D900DF131E /* DispatchQueueProtocol.swift */ = {isa = PBXFileReference; lastKnownFileType = sourcecode.swift; path = DispatchQueueProtocol.swift; sourceTree = "<group>"; };
		4D5C6222287993B100DF131E /* NetworkServiceTests.swift */ = {isa = PBXFileReference; lastKnownFileType = sourcecode.swift; path = NetworkServiceTests.swift; sourceTree = "<group>"; };
		4D5C6224287993ED00DF131E /* DispatchQueueMock.swift */ = {isa = PBXFileReference; lastKnownFileType = sourcecode.swift; path = DispatchQueueMock.swift; sourceTree = "<group>"; };
		4D5C62262879942D00DF131E /* URLSessionMock.swift */ = {isa = PBXFileReference; lastKnownFileType = sourcecode.swift; path = URLSessionMock.swift; sourceTree = "<group>"; };
		4D5C62282879950200DF131E /* URLSessionDataTaskMock.swift */ = {isa = PBXFileReference; lastKnownFileType = sourcecode.swift; path = URLSessionDataTaskMock.swift; sourceTree = "<group>"; };
		4D81DA72287705B000FB30D7 /* Sushi.app */ = {isa = PBXFileReference; explicitFileType = wrapper.application; includeInIndex = 0; path = Sushi.app; sourceTree = BUILT_PRODUCTS_DIR; };
		4D81DA75287705B000FB30D7 /* AppDelegate.swift */ = {isa = PBXFileReference; lastKnownFileType = sourcecode.swift; path = AppDelegate.swift; sourceTree = "<group>"; };
		4D81DA77287705B000FB30D7 /* SceneDelegate.swift */ = {isa = PBXFileReference; lastKnownFileType = sourcecode.swift; path = SceneDelegate.swift; sourceTree = "<group>"; };
		4D81DA79287705B000FB30D7 /* ProductListViewController.swift */ = {isa = PBXFileReference; lastKnownFileType = sourcecode.swift; path = ProductListViewController.swift; sourceTree = "<group>"; };
		4D81DA7E287705B100FB30D7 /* Assets.xcassets */ = {isa = PBXFileReference; lastKnownFileType = folder.assetcatalog; path = Assets.xcassets; sourceTree = "<group>"; };
		4D81DA81287705B100FB30D7 /* Base */ = {isa = PBXFileReference; lastKnownFileType = file.storyboard; name = Base; path = Base.lproj/LaunchScreen.storyboard; sourceTree = "<group>"; };
		4D81DA83287705B100FB30D7 /* Info.plist */ = {isa = PBXFileReference; lastKnownFileType = text.plist.xml; path = Info.plist; sourceTree = "<group>"; };
		4D81DA88287705B100FB30D7 /* SushiTests.xctest */ = {isa = PBXFileReference; explicitFileType = wrapper.cfbundle; includeInIndex = 0; path = SushiTests.xctest; sourceTree = BUILT_PRODUCTS_DIR; };
		4D81DA92287705B100FB30D7 /* SushiUITests.xctest */ = {isa = PBXFileReference; explicitFileType = wrapper.cfbundle; includeInIndex = 0; path = SushiUITests.xctest; sourceTree = BUILT_PRODUCTS_DIR; };
		4D81DA96287705B100FB30D7 /* SushiUITests.swift */ = {isa = PBXFileReference; lastKnownFileType = sourcecode.swift; path = SushiUITests.swift; sourceTree = "<group>"; };
		4D81DA98287705B100FB30D7 /* SushiUITestsLaunchTests.swift */ = {isa = PBXFileReference; lastKnownFileType = sourcecode.swift; path = SushiUITestsLaunchTests.swift; sourceTree = "<group>"; };
/* End PBXFileReference section */

/* Begin PBXFrameworksBuildPhase section */
		4D81DA6F287705B000FB30D7 /* Frameworks */ = {
			isa = PBXFrameworksBuildPhase;
			buildActionMask = 2147483647;
			files = (
			);
			runOnlyForDeploymentPostprocessing = 0;
		};
		4D81DA85287705B100FB30D7 /* Frameworks */ = {
			isa = PBXFrameworksBuildPhase;
			buildActionMask = 2147483647;
			files = (
			);
			runOnlyForDeploymentPostprocessing = 0;
		};
		4D81DA8F287705B100FB30D7 /* Frameworks */ = {
			isa = PBXFrameworksBuildPhase;
			buildActionMask = 2147483647;
			files = (
			);
			runOnlyForDeploymentPostprocessing = 0;
		};
/* End PBXFrameworksBuildPhase section */

/* Begin PBXGroup section */
		4D5C621D2878C57200DF131E /* Services */ = {
			isa = PBXGroup;
			children = (
				4D5C62112878ACA600DF131E /* NetworkService.swift */,
				4D5C62192878B43D00DF131E /* ImageProvider.swift */,
				4D5C621E28798E9000DF131E /* URLSessionProtocol.swift */,
				4D5C6220287990D900DF131E /* DispatchQueueProtocol.swift */,
			);
			path = Services;
			sourceTree = "<group>";
		};
		4D81DA69287705B000FB30D7 = {
			isa = PBXGroup;
			children = (
				4D81DA74287705B000FB30D7 /* Sushi */,
				4D81DA8B287705B100FB30D7 /* SushiTests */,
				4D81DA95287705B100FB30D7 /* SushiUITests */,
				4D81DA73287705B000FB30D7 /* Products */,
			);
			sourceTree = "<group>";
		};
		4D81DA73287705B000FB30D7 /* Products */ = {
			isa = PBXGroup;
			children = (
				4D81DA72287705B000FB30D7 /* Sushi.app */,
				4D81DA88287705B100FB30D7 /* SushiTests.xctest */,
				4D81DA92287705B100FB30D7 /* SushiUITests.xctest */,
			);
			name = Products;
			sourceTree = "<group>";
		};
		4D81DA74287705B000FB30D7 /* Sushi */ = {
			isa = PBXGroup;
			children = (
				4D5C621D2878C57200DF131E /* Services */,
				4D81DAAB2877060700FB30D7 /* Constants */,
				4D81DAAA287705FE00FB30D7 /* Models */,
				4D81DAA9287705F600FB30D7 /* Views */,
				4D81DAA8287705E500FB30D7 /* ViewControllers */,
				4D81DAA7287705D500FB30D7 /* Storyboards */,
				4D81DAA6287705CF00FB30D7 /* App */,
				4D81DAA5287705C400FB30D7 /* Resources */,
			);
			path = Sushi;
			sourceTree = "<group>";
		};
		4D81DA8B287705B100FB30D7 /* SushiTests */ = {
			isa = PBXGroup;
			children = (
				4D5C6222287993B100DF131E /* NetworkServiceTests.swift */,
				4D5C6224287993ED00DF131E /* DispatchQueueMock.swift */,
				4D5C62262879942D00DF131E /* URLSessionMock.swift */,
				4D5C62282879950200DF131E /* URLSessionDataTaskMock.swift */,
			);
			path = SushiTests;
			sourceTree = "<group>";
		};
		4D81DA95287705B100FB30D7 /* SushiUITests */ = {
			isa = PBXGroup;
			children = (
				4D81DA96287705B100FB30D7 /* SushiUITests.swift */,
				4D81DA98287705B100FB30D7 /* SushiUITestsLaunchTests.swift */,
			);
			path = SushiUITests;
			sourceTree = "<group>";
		};
		4D81DAA5287705C400FB30D7 /* Resources */ = {
			isa = PBXGroup;
			children = (
				4D81DA7E287705B100FB30D7 /* Assets.xcassets */,
			);
			path = Resources;
			sourceTree = "<group>";
		};
		4D81DAA6287705CF00FB30D7 /* App */ = {
			isa = PBXGroup;
			children = (
				4D81DA75287705B000FB30D7 /* AppDelegate.swift */,
				4D81DA77287705B000FB30D7 /* SceneDelegate.swift */,
				4D81DA83287705B100FB30D7 /* Info.plist */,
			);
			path = App;
			sourceTree = "<group>";
		};
		4D81DAA7287705D500FB30D7 /* Storyboards */ = {
			isa = PBXGroup;
			children = (
				4D81DA80287705B100FB30D7 /* LaunchScreen.storyboard */,
			);
			path = Storyboards;
			sourceTree = "<group>";
		};
		4D81DAA8287705E500FB30D7 /* ViewControllers */ = {
			isa = PBXGroup;
			children = (
				4D5C62012877126A00DF131E /* TabbarViewController.swift */,
				4D81DA79287705B000FB30D7 /* ProductListViewController.swift */,
				4D5C62032877168B00DF131E /* ShoppingCartViewController.swift */,
				4D5C6205287716E900DF131E /* InfoViewController.swift */,
			);
			path = ViewControllers;
			sourceTree = "<group>";
		};
		4D81DAA9287705F600FB30D7 /* Views */ = {
			isa = PBXGroup;
			children = (
				4D5C62072877424100DF131E /* HeaderView.swift */,
				4D5C620B28775DB500DF131E /* CategoryCellCollectionViewCell.swift */,
				4D5C62092877535100DF131E /* CategoriesCollectionView.swift */,
				4D5C620D287853EB00DF131E /* DishesCollectionViewCell.swift */,
				4D5C620F28786D9200DF131E /* DishesCollectionView.swift */,
				4D5C62172878B40800DF131E /* ImageView.swift */,
			);
			path = Views;
			sourceTree = "<group>";
		};
		4D81DAAA287705FE00FB30D7 /* Models */ = {
			isa = PBXGroup;
			children = (
				4D5C62132878ADD800DF131E /* Category.swift */,
				4D5C62152878AE4300DF131E /* MenuResponse.swift */,
				4D5C621B2878B91B00DF131E /* Dish.swift */,
			);
			path = Models;
			sourceTree = "<group>";
		};
		4D81DAAB2877060700FB30D7 /* Constants */ = {
			isa = PBXGroup;
			children = (
				4D5C61FF28770F1A00DF131E /* Constants.swift */,
			);
			path = Constants;
			sourceTree = "<group>";
		};
/* End PBXGroup section */

/* Begin PBXNativeTarget section */
		4D81DA71287705B000FB30D7 /* Sushi */ = {
			isa = PBXNativeTarget;
			buildConfigurationList = 4D81DA9C287705B100FB30D7 /* Build configuration list for PBXNativeTarget "Sushi" */;
			buildPhases = (
				4D81DA6E287705B000FB30D7 /* Sources */,
				4D81DA6F287705B000FB30D7 /* Frameworks */,
				4D81DA70287705B000FB30D7 /* Resources */,
			);
			buildRules = (
			);
			dependencies = (
			);
			name = Sushi;
			productName = Sushi;
			productReference = 4D81DA72287705B000FB30D7 /* Sushi.app */;
			productType = "com.apple.product-type.application";
		};
		4D81DA87287705B100FB30D7 /* SushiTests */ = {
			isa = PBXNativeTarget;
			buildConfigurationList = 4D81DA9F287705B100FB30D7 /* Build configuration list for PBXNativeTarget "SushiTests" */;
			buildPhases = (
				4D81DA84287705B100FB30D7 /* Sources */,
				4D81DA85287705B100FB30D7 /* Frameworks */,
				4D81DA86287705B100FB30D7 /* Resources */,
			);
			buildRules = (
			);
			dependencies = (
				4D81DA8A287705B100FB30D7 /* PBXTargetDependency */,
			);
			name = SushiTests;
			productName = SushiTests;
			productReference = 4D81DA88287705B100FB30D7 /* SushiTests.xctest */;
			productType = "com.apple.product-type.bundle.unit-test";
		};
		4D81DA91287705B100FB30D7 /* SushiUITests */ = {
			isa = PBXNativeTarget;
			buildConfigurationList = 4D81DAA2287705B100FB30D7 /* Build configuration list for PBXNativeTarget "SushiUITests" */;
			buildPhases = (
				4D81DA8E287705B100FB30D7 /* Sources */,
				4D81DA8F287705B100FB30D7 /* Frameworks */,
				4D81DA90287705B100FB30D7 /* Resources */,
			);
			buildRules = (
			);
			dependencies = (
				4D81DA94287705B100FB30D7 /* PBXTargetDependency */,
			);
			name = SushiUITests;
			productName = SushiUITests;
			productReference = 4D81DA92287705B100FB30D7 /* SushiUITests.xctest */;
			productType = "com.apple.product-type.bundle.ui-testing";
		};
/* End PBXNativeTarget section */

/* Begin PBXProject section */
		4D81DA6A287705B000FB30D7 /* Project object */ = {
			isa = PBXProject;
			attributes = {
				BuildIndependentTargetsInParallel = 1;
				LastSwiftUpdateCheck = 1340;
				LastUpgradeCheck = 1340;
				TargetAttributes = {
					4D81DA71287705B000FB30D7 = {
						CreatedOnToolsVersion = 13.4.1;
					};
					4D81DA87287705B100FB30D7 = {
						CreatedOnToolsVersion = 13.4.1;
						TestTargetID = 4D81DA71287705B000FB30D7;
					};
					4D81DA91287705B100FB30D7 = {
						CreatedOnToolsVersion = 13.4.1;
						TestTargetID = 4D81DA71287705B000FB30D7;
					};
				};
			};
			buildConfigurationList = 4D81DA6D287705B000FB30D7 /* Build configuration list for PBXProject "Sushi" */;
			compatibilityVersion = "Xcode 13.0";
			developmentRegion = en;
			hasScannedForEncodings = 0;
			knownRegions = (
				en,
				Base,
			);
			mainGroup = 4D81DA69287705B000FB30D7;
			productRefGroup = 4D81DA73287705B000FB30D7 /* Products */;
			projectDirPath = "";
			projectRoot = "";
			targets = (
				4D81DA71287705B000FB30D7 /* Sushi */,
				4D81DA87287705B100FB30D7 /* SushiTests */,
				4D81DA91287705B100FB30D7 /* SushiUITests */,
			);
		};
/* End PBXProject section */

/* Begin PBXResourcesBuildPhase section */
		4D81DA70287705B000FB30D7 /* Resources */ = {
			isa = PBXResourcesBuildPhase;
			buildActionMask = 2147483647;
			files = (
				4D81DA82287705B100FB30D7 /* LaunchScreen.storyboard in Resources */,
				4D81DA7F287705B100FB30D7 /* Assets.xcassets in Resources */,
			);
			runOnlyForDeploymentPostprocessing = 0;
		};
		4D81DA86287705B100FB30D7 /* Resources */ = {
			isa = PBXResourcesBuildPhase;
			buildActionMask = 2147483647;
			files = (
			);
			runOnlyForDeploymentPostprocessing = 0;
		};
		4D81DA90287705B100FB30D7 /* Resources */ = {
			isa = PBXResourcesBuildPhase;
			buildActionMask = 2147483647;
			files = (
			);
			runOnlyForDeploymentPostprocessing = 0;
		};
/* End PBXResourcesBuildPhase section */

/* Begin PBXSourcesBuildPhase section */
		4D81DA6E287705B000FB30D7 /* Sources */ = {
			isa = PBXSourcesBuildPhase;
			buildActionMask = 2147483647;
			files = (
				4D5C621028786D9200DF131E /* DishesCollectionView.swift in Sources */,
				4D5C620C28775DB500DF131E /* CategoryCellCollectionViewCell.swift in Sources */,
				4D5C62042877168B00DF131E /* ShoppingCartViewController.swift in Sources */,
				4D81DA7A287705B000FB30D7 /* ProductListViewController.swift in Sources */,
				4D5C62162878AE4300DF131E /* MenuResponse.swift in Sources */,
				4D5C620E287853EB00DF131E /* DishesCollectionViewCell.swift in Sources */,
				4D5C620028770F1A00DF131E /* Constants.swift in Sources */,
				4D5C621A2878B43D00DF131E /* ImageProvider.swift in Sources */,
				4D5C6206287716E900DF131E /* InfoViewController.swift in Sources */,
				4D5C62182878B40800DF131E /* ImageView.swift in Sources */,
				4D5C620A2877535100DF131E /* CategoriesCollectionView.swift in Sources */,
				4D81DA76287705B000FB30D7 /* AppDelegate.swift in Sources */,
				4D5C621F28798E9000DF131E /* URLSessionProtocol.swift in Sources */,
				4D5C62022877126A00DF131E /* TabbarViewController.swift in Sources */,
				4D81DA78287705B000FB30D7 /* SceneDelegate.swift in Sources */,
				4D5C62122878ACA600DF131E /* NetworkService.swift in Sources */,
				4D5C621C2878B91B00DF131E /* Dish.swift in Sources */,
				4D5C6221287990D900DF131E /* DispatchQueueProtocol.swift in Sources */,
				4D5C62082877424100DF131E /* HeaderView.swift in Sources */,
				4D5C62142878ADD800DF131E /* Category.swift in Sources */,
			);
			runOnlyForDeploymentPostprocessing = 0;
		};
		4D81DA84287705B100FB30D7 /* Sources */ = {
			isa = PBXSourcesBuildPhase;
			buildActionMask = 2147483647;
			files = (
				4D5C62272879942D00DF131E /* URLSessionMock.swift in Sources */,
				4D5C6225287993ED00DF131E /* DispatchQueueMock.swift in Sources */,
				4D5C6223287993B100DF131E /* NetworkServiceTests.swift in Sources */,
				4D5C62292879950200DF131E /* URLSessionDataTaskMock.swift in Sources */,
			);
			runOnlyForDeploymentPostprocessing = 0;
		};
		4D81DA8E287705B100FB30D7 /* Sources */ = {
			isa = PBXSourcesBuildPhase;
			buildActionMask = 2147483647;
			files = (
				4D81DA97287705B100FB30D7 /* SushiUITests.swift in Sources */,
				4D81DA99287705B100FB30D7 /* SushiUITestsLaunchTests.swift in Sources */,
			);
			runOnlyForDeploymentPostprocessing = 0;
		};
/* End PBXSourcesBuildPhase section */

/* Begin PBXTargetDependency section */
		4D81DA8A287705B100FB30D7 /* PBXTargetDependency */ = {
			isa = PBXTargetDependency;
			target = 4D81DA71287705B000FB30D7 /* Sushi */;
			targetProxy = 4D81DA89287705B100FB30D7 /* PBXContainerItemProxy */;
		};
		4D81DA94287705B100FB30D7 /* PBXTargetDependency */ = {
			isa = PBXTargetDependency;
			target = 4D81DA71287705B000FB30D7 /* Sushi */;
			targetProxy = 4D81DA93287705B100FB30D7 /* PBXContainerItemProxy */;
		};
/* End PBXTargetDependency section */

/* Begin PBXVariantGroup section */
		4D81DA80287705B100FB30D7 /* LaunchScreen.storyboard */ = {
			isa = PBXVariantGroup;
			children = (
				4D81DA81287705B100FB30D7 /* Base */,
			);
			name = LaunchScreen.storyboard;
			sourceTree = "<group>";
		};
/* End PBXVariantGroup section */

/* Begin XCBuildConfiguration section */
		4D81DA9A287705B100FB30D7 /* Debug */ = {
			isa = XCBuildConfiguration;
			buildSettings = {
				ALWAYS_SEARCH_USER_PATHS = NO;
				CLANG_ANALYZER_NONNULL = YES;
				CLANG_ANALYZER_NUMBER_OBJECT_CONVERSION = YES_AGGRESSIVE;
				CLANG_CXX_LANGUAGE_STANDARD = "gnu++17";
				CLANG_ENABLE_MODULES = YES;
				CLANG_ENABLE_OBJC_ARC = YES;
				CLANG_ENABLE_OBJC_WEAK = YES;
				CLANG_WARN_BLOCK_CAPTURE_AUTORELEASING = YES;
				CLANG_WARN_BOOL_CONVERSION = YES;
				CLANG_WARN_COMMA = YES;
				CLANG_WARN_CONSTANT_CONVERSION = YES;
				CLANG_WARN_DEPRECATED_OBJC_IMPLEMENTATIONS = YES;
				CLANG_WARN_DIRECT_OBJC_ISA_USAGE = YES_ERROR;
				CLANG_WARN_DOCUMENTATION_COMMENTS = YES;
				CLANG_WARN_EMPTY_BODY = YES;
				CLANG_WARN_ENUM_CONVERSION = YES;
				CLANG_WARN_INFINITE_RECURSION = YES;
				CLANG_WARN_INT_CONVERSION = YES;
				CLANG_WARN_NON_LITERAL_NULL_CONVERSION = YES;
				CLANG_WARN_OBJC_IMPLICIT_RETAIN_SELF = YES;
				CLANG_WARN_OBJC_LITERAL_CONVERSION = YES;
				CLANG_WARN_OBJC_ROOT_CLASS = YES_ERROR;
				CLANG_WARN_QUOTED_INCLUDE_IN_FRAMEWORK_HEADER = YES;
				CLANG_WARN_RANGE_LOOP_ANALYSIS = YES;
				CLANG_WARN_STRICT_PROTOTYPES = YES;
				CLANG_WARN_SUSPICIOUS_MOVE = YES;
				CLANG_WARN_UNGUARDED_AVAILABILITY = YES_AGGRESSIVE;
				CLANG_WARN_UNREACHABLE_CODE = YES;
				CLANG_WARN__DUPLICATE_METHOD_MATCH = YES;
				COPY_PHASE_STRIP = NO;
				DEBUG_INFORMATION_FORMAT = dwarf;
				ENABLE_STRICT_OBJC_MSGSEND = YES;
				ENABLE_TESTABILITY = YES;
				GCC_C_LANGUAGE_STANDARD = gnu11;
				GCC_DYNAMIC_NO_PIC = NO;
				GCC_NO_COMMON_BLOCKS = YES;
				GCC_OPTIMIZATION_LEVEL = 0;
				GCC_PREPROCESSOR_DEFINITIONS = (
					"DEBUG=1",
					"$(inherited)",
				);
				GCC_WARN_64_TO_32_BIT_CONVERSION = YES;
				GCC_WARN_ABOUT_RETURN_TYPE = YES_ERROR;
				GCC_WARN_UNDECLARED_SELECTOR = YES;
				GCC_WARN_UNINITIALIZED_AUTOS = YES_AGGRESSIVE;
				GCC_WARN_UNUSED_FUNCTION = YES;
				GCC_WARN_UNUSED_VARIABLE = YES;
				IPHONEOS_DEPLOYMENT_TARGET = 15.5;
				MTL_ENABLE_DEBUG_INFO = INCLUDE_SOURCE;
				MTL_FAST_MATH = YES;
				ONLY_ACTIVE_ARCH = YES;
				SDKROOT = iphoneos;
				SWIFT_ACTIVE_COMPILATION_CONDITIONS = DEBUG;
				SWIFT_OPTIMIZATION_LEVEL = "-Onone";
			};
			name = Debug;
		};
		4D81DA9B287705B100FB30D7 /* Release */ = {
			isa = XCBuildConfiguration;
			buildSettings = {
				ALWAYS_SEARCH_USER_PATHS = NO;
				CLANG_ANALYZER_NONNULL = YES;
				CLANG_ANALYZER_NUMBER_OBJECT_CONVERSION = YES_AGGRESSIVE;
				CLANG_CXX_LANGUAGE_STANDARD = "gnu++17";
				CLANG_ENABLE_MODULES = YES;
				CLANG_ENABLE_OBJC_ARC = YES;
				CLANG_ENABLE_OBJC_WEAK = YES;
				CLANG_WARN_BLOCK_CAPTURE_AUTORELEASING = YES;
				CLANG_WARN_BOOL_CONVERSION = YES;
				CLANG_WARN_COMMA = YES;
				CLANG_WARN_CONSTANT_CONVERSION = YES;
				CLANG_WARN_DEPRECATED_OBJC_IMPLEMENTATIONS = YES;
				CLANG_WARN_DIRECT_OBJC_ISA_USAGE = YES_ERROR;
				CLANG_WARN_DOCUMENTATION_COMMENTS = YES;
				CLANG_WARN_EMPTY_BODY = YES;
				CLANG_WARN_ENUM_CONVERSION = YES;
				CLANG_WARN_INFINITE_RECURSION = YES;
				CLANG_WARN_INT_CONVERSION = YES;
				CLANG_WARN_NON_LITERAL_NULL_CONVERSION = YES;
				CLANG_WARN_OBJC_IMPLICIT_RETAIN_SELF = YES;
				CLANG_WARN_OBJC_LITERAL_CONVERSION = YES;
				CLANG_WARN_OBJC_ROOT_CLASS = YES_ERROR;
				CLANG_WARN_QUOTED_INCLUDE_IN_FRAMEWORK_HEADER = YES;
				CLANG_WARN_RANGE_LOOP_ANALYSIS = YES;
				CLANG_WARN_STRICT_PROTOTYPES = YES;
				CLANG_WARN_SUSPICIOUS_MOVE = YES;
				CLANG_WARN_UNGUARDED_AVAILABILITY = YES_AGGRESSIVE;
				CLANG_WARN_UNREACHABLE_CODE = YES;
				CLANG_WARN__DUPLICATE_METHOD_MATCH = YES;
				COPY_PHASE_STRIP = NO;
				DEBUG_INFORMATION_FORMAT = "dwarf-with-dsym";
				ENABLE_NS_ASSERTIONS = NO;
				ENABLE_STRICT_OBJC_MSGSEND = YES;
				GCC_C_LANGUAGE_STANDARD = gnu11;
				GCC_NO_COMMON_BLOCKS = YES;
				GCC_WARN_64_TO_32_BIT_CONVERSION = YES;
				GCC_WARN_ABOUT_RETURN_TYPE = YES_ERROR;
				GCC_WARN_UNDECLARED_SELECTOR = YES;
				GCC_WARN_UNINITIALIZED_AUTOS = YES_AGGRESSIVE;
				GCC_WARN_UNUSED_FUNCTION = YES;
				GCC_WARN_UNUSED_VARIABLE = YES;
				IPHONEOS_DEPLOYMENT_TARGET = 15.5;
				MTL_ENABLE_DEBUG_INFO = NO;
				MTL_FAST_MATH = YES;
				SDKROOT = iphoneos;
				SWIFT_COMPILATION_MODE = wholemodule;
				SWIFT_OPTIMIZATION_LEVEL = "-O";
				VALIDATE_PRODUCT = YES;
			};
			name = Release;
		};
		4D81DA9D287705B100FB30D7 /* Debug */ = {
			isa = XCBuildConfiguration;
			buildSettings = {
				ASSETCATALOG_COMPILER_APPICON_NAME = AppIcon;
				ASSETCATALOG_COMPILER_GLOBAL_ACCENT_COLOR_NAME = AccentColor;
				CODE_SIGN_STYLE = Automatic;
				CURRENT_PROJECT_VERSION = 1;
				DEVELOPMENT_TEAM = S34BZ3639A;
				GENERATE_INFOPLIST_FILE = YES;
				INFOPLIST_FILE = Sushi/App/Info.plist;
				INFOPLIST_KEY_UIApplicationSupportsIndirectInputEvents = YES;
				INFOPLIST_KEY_UILaunchStoryboardName = LaunchScreen;
				INFOPLIST_KEY_UISupportedInterfaceOrientations_iPad = "UIInterfaceOrientationPortrait UIInterfaceOrientationPortraitUpsideDown UIInterfaceOrientationLandscapeLeft UIInterfaceOrientationLandscapeRight";
				INFOPLIST_KEY_UISupportedInterfaceOrientations_iPhone = "UIInterfaceOrientationPortrait UIInterfaceOrientationLandscapeLeft UIInterfaceOrientationLandscapeRight";
				IPHONEOS_DEPLOYMENT_TARGET = 15.0;
				LD_RUNPATH_SEARCH_PATHS = (
					"$(inherited)",
					"@executable_path/Frameworks",
				);
				MARKETING_VERSION = 1.0;
				PRODUCT_BUNDLE_IDENTIFIER = nastia.Sushi;
				PRODUCT_NAME = "$(TARGET_NAME)";
				SWIFT_EMIT_LOC_STRINGS = YES;
				SWIFT_VERSION = 5.0;
				TARGETED_DEVICE_FAMILY = "1,2";
			};
			name = Debug;
		};
		4D81DA9E287705B100FB30D7 /* Release */ = {
			isa = XCBuildConfiguration;
			buildSettings = {
				ASSETCATALOG_COMPILER_APPICON_NAME = AppIcon;
				ASSETCATALOG_COMPILER_GLOBAL_ACCENT_COLOR_NAME = AccentColor;
				CODE_SIGN_STYLE = Automatic;
				CURRENT_PROJECT_VERSION = 1;
				DEVELOPMENT_TEAM = S34BZ3639A;
				GENERATE_INFOPLIST_FILE = YES;
				INFOPLIST_FILE = Sushi/App/Info.plist;
				INFOPLIST_KEY_UIApplicationSupportsIndirectInputEvents = YES;
				INFOPLIST_KEY_UILaunchStoryboardName = LaunchScreen;
				INFOPLIST_KEY_UISupportedInterfaceOrientations_iPad = "UIInterfaceOrientationPortrait UIInterfaceOrientationPortraitUpsideDown UIInterfaceOrientationLandscapeLeft UIInterfaceOrientationLandscapeRight";
				INFOPLIST_KEY_UISupportedInterfaceOrientations_iPhone = "UIInterfaceOrientationPortrait UIInterfaceOrientationLandscapeLeft UIInterfaceOrientationLandscapeRight";
				IPHONEOS_DEPLOYMENT_TARGET = 15.0;
				LD_RUNPATH_SEARCH_PATHS = (
					"$(inherited)",
					"@executable_path/Frameworks",
				);
				MARKETING_VERSION = 1.0;
				PRODUCT_BUNDLE_IDENTIFIER = nastia.Sushi;
				PRODUCT_NAME = "$(TARGET_NAME)";
				SWIFT_EMIT_LOC_STRINGS = YES;
				SWIFT_VERSION = 5.0;
				TARGETED_DEVICE_FAMILY = "1,2";
			};
			name = Release;
		};
		4D81DAA0287705B100FB30D7 /* Debug */ = {
			isa = XCBuildConfiguration;
			buildSettings = {
				ALWAYS_EMBED_SWIFT_STANDARD_LIBRARIES = YES;
				BUNDLE_LOADER = "$(TEST_HOST)";
				CODE_SIGN_STYLE = Automatic;
				CURRENT_PROJECT_VERSION = 1;
				DEVELOPMENT_TEAM = S34BZ3639A;
				GENERATE_INFOPLIST_FILE = YES;
				IPHONEOS_DEPLOYMENT_TARGET = 15.5;
				MARKETING_VERSION = 1.0;
				PRODUCT_BUNDLE_IDENTIFIER = nastia.SushiTests;
				PRODUCT_NAME = "$(TARGET_NAME)";
				SWIFT_EMIT_LOC_STRINGS = NO;
				SWIFT_VERSION = 5.0;
				TARGETED_DEVICE_FAMILY = "1,2";
				TEST_HOST = "$(BUILT_PRODUCTS_DIR)/Sushi.app/Sushi";
			};
			name = Debug;
		};
		4D81DAA1287705B100FB30D7 /* Release */ = {
			isa = XCBuildConfiguration;
			buildSettings = {
				ALWAYS_EMBED_SWIFT_STANDARD_LIBRARIES = YES;
				BUNDLE_LOADER = "$(TEST_HOST)";
				CODE_SIGN_STYLE = Automatic;
				CURRENT_PROJECT_VERSION = 1;
				DEVELOPMENT_TEAM = S34BZ3639A;
				GENERATE_INFOPLIST_FILE = YES;
				IPHONEOS_DEPLOYMENT_TARGET = 15.5;
				MARKETING_VERSION = 1.0;
				PRODUCT_BUNDLE_IDENTIFIER = nastia.SushiTests;
				PRODUCT_NAME = "$(TARGET_NAME)";
				SWIFT_EMIT_LOC_STRINGS = NO;
				SWIFT_VERSION = 5.0;
				TARGETED_DEVICE_FAMILY = "1,2";
				TEST_HOST = "$(BUILT_PRODUCTS_DIR)/Sushi.app/Sushi";
			};
			name = Release;
		};
		4D81DAA3287705B100FB30D7 /* Debug */ = {
			isa = XCBuildConfiguration;
			buildSettings = {
				ALWAYS_EMBED_SWIFT_STANDARD_LIBRARIES = YES;
				CODE_SIGN_STYLE = Automatic;
				CURRENT_PROJECT_VERSION = 1;
				DEVELOPMENT_TEAM = S34BZ3639A;
				GENERATE_INFOPLIST_FILE = YES;
				MARKETING_VERSION = 1.0;
				PRODUCT_BUNDLE_IDENTIFIER = nastia.SushiUITests;
				PRODUCT_NAME = "$(TARGET_NAME)";
				SWIFT_EMIT_LOC_STRINGS = NO;
				SWIFT_VERSION = 5.0;
				TARGETED_DEVICE_FAMILY = "1,2";
				TEST_TARGET_NAME = Sushi;
			};
			name = Debug;
		};
		4D81DAA4287705B100FB30D7 /* Release */ = {
			isa = XCBuildConfiguration;
			buildSettings = {
				ALWAYS_EMBED_SWIFT_STANDARD_LIBRARIES = YES;
				CODE_SIGN_STYLE = Automatic;
				CURRENT_PROJECT_VERSION = 1;
				DEVELOPMENT_TEAM = S34BZ3639A;
				GENERATE_INFOPLIST_FILE = YES;
				MARKETING_VERSION = 1.0;
				PRODUCT_BUNDLE_IDENTIFIER = nastia.SushiUITests;
				PRODUCT_NAME = "$(TARGET_NAME)";
				SWIFT_EMIT_LOC_STRINGS = NO;
				SWIFT_VERSION = 5.0;
				TARGETED_DEVICE_FAMILY = "1,2";
				TEST_TARGET_NAME = Sushi;
			};
			name = Release;
		};
/* End XCBuildConfiguration section */

/* Begin XCConfigurationList section */
		4D81DA6D287705B000FB30D7 /* Build configuration list for PBXProject "Sushi" */ = {
			isa = XCConfigurationList;
			buildConfigurations = (
				4D81DA9A287705B100FB30D7 /* Debug */,
				4D81DA9B287705B100FB30D7 /* Release */,
			);
			defaultConfigurationIsVisible = 0;
			defaultConfigurationName = Release;
		};
		4D81DA9C287705B100FB30D7 /* Build configuration list for PBXNativeTarget "Sushi" */ = {
			isa = XCConfigurationList;
			buildConfigurations = (
				4D81DA9D287705B100FB30D7 /* Debug */,
				4D81DA9E287705B100FB30D7 /* Release */,
			);
			defaultConfigurationIsVisible = 0;
			defaultConfigurationName = Release;
		};
		4D81DA9F287705B100FB30D7 /* Build configuration list for PBXNativeTarget "SushiTests" */ = {
			isa = XCConfigurationList;
			buildConfigurations = (
				4D81DAA0287705B100FB30D7 /* Debug */,
				4D81DAA1287705B100FB30D7 /* Release */,
			);
			defaultConfigurationIsVisible = 0;
			defaultConfigurationName = Release;
		};
		4D81DAA2287705B100FB30D7 /* Build configuration list for PBXNativeTarget "SushiUITests" */ = {
			isa = XCConfigurationList;
			buildConfigurations = (
				4D81DAA3287705B100FB30D7 /* Debug */,
				4D81DAA4287705B100FB30D7 /* Release */,
			);
			defaultConfigurationIsVisible = 0;
			defaultConfigurationName = Release;
		};
/* End XCConfigurationList section */
	};
	rootObject = 4D81DA6A287705B000FB30D7 /* Project object */;
}
